
Microsoft Visual Studio Solution File, Format Version 12.00
# Visual Studio 15
VisualStudioVersion = 15.0.27004.2009
MinimumVisualStudioVersion = 10.0.40219.1
Project("{FAE04EC0-301F-11D3-BF4B-00C04F79EFBC}") = "SeleniumEvent", "SeleniumEvent\SeleniumEvent.csproj", "{27F8CCE6-1A91-424F-8846-4103450C49FA}"
EndProject
Project("{FAE04EC0-301F-11D3-BF4B-00C04F79EFBC}") = "SeleniumProject", "SeleniumProject\SeleniumProject.csproj", "{963EADCC-7E84-4325-87F1-2110306F6771}"
EndProject
Global
	GlobalSection(SolutionConfigurationPlatforms) = preSolution
		Debug|Any CPU = Debug|Any CPU
		Release|Any CPU = Release|Any CPU
	EndGlobalSection
	GlobalSection(ProjectConfigurationPlatforms) = postSolution
		{27F8CCE6-1A91-424F-8846-4103450C49FA}.Debug|Any CPU.ActiveCfg = Debug|Any CPU
		{27F8CCE6-1A91-424F-8846-4103450C49FA}.Debug|Any CPU.Build.0 = Debug|Any CPU
		{27F8CCE6-1A91-424F-8846-4103450C49FA}.Release|Any CPU.ActiveCfg = Release|Any CPU
		{27F8CCE6-1A91-424F-8846-4103450C49FA}.Release|Any CPU.Build.0 = Release|Any CPU
		{963EADCC-7E84-4325-87F1-2110306F6771}.Debug|Any CPU.ActiveCfg = Debug|Any CPU
		{963EADCC-7E84-4325-87F1-2110306F6771}.Debug|Any CPU.Build.0 = Debug|Any CPU
		{963EADCC-7E84-4325-87F1-2110306F6771}.Release|Any CPU.ActiveCfg = Release|Any CPU
		{963EADCC-7E84-4325-87F1-2110306F6771}.Release|Any CPU.Build.0 = Release|Any CPU
	EndGlobalSection
	GlobalSection(SolutionProperties) = preSolution
		HideSolutionNode = FALSE
	EndGlobalSection
	GlobalSection(ExtensibilityGlobals) = postSolution
		SolutionGuid = {F2AA5B12-9FA3-45A7-9F82-D5CEC78E308A}
	EndGlobalSection
	GlobalSection(TeamFoundationVersionControl) = preSolution
		SccNumberOfProjects = 3
		SccEnterpriseProvider = {4CA58AB2-18FA-4F8D-95D4-32DDF27D184C}
		SccTeamFoundationServer = http://tfs.deloitte.com:8080/tfs/its
		SccLocalPath0 = .
		SccProjectUniqueName1 = SeleniumEvent\\SeleniumEvent.csproj
		SccProjectName1 = SeleniumEvent
		SccLocalPath1 = SeleniumEvent
		SccProjectUniqueName2 = SeleniumProject\\SeleniumProject.csproj
		SccProjectName2 = SeleniumProject
		SccLocalPath2 = SeleniumProject
	EndGlobalSection
EndGlobal
